
Microsoft Visual Studio Solution File, Format Version 12.00
# Visual Studio 15
VisualStudioVersion = 15.0.28010.2046
MinimumVisualStudioVersion = 10.0.40219.1
Project("{9A19103F-16F7-4668-BE54-9A1E7A4F7556}") = "JsonWebTokenWithAngularAspNetCore", "WebApplication10\JsonWebTokenWithAngularAspNetCore.csproj", "{FDABAEC8-AFA4-45A9-9CCE-D2D23A5D7C93}"
EndProject
Global
	GlobalSection(SolutionConfigurationPlatforms) = preSolution
		Debug|Any CPU = Debug|Any CPU
		Release|Any CPU = Release|Any CPU
	EndGlobalSection
	GlobalSection(ProjectConfigurationPlatforms) = postSolution
		{FDABAEC8-AFA4-45A9-9CCE-D2D23A5D7C93}.Debug|Any CPU.ActiveCfg = Debug|Any CPU
		{FDABAEC8-AFA4-45A9-9CCE-D2D23A5D7C93}.Debug|Any CPU.Build.0 = Debug|Any CPU
		{FDABAEC8-AFA4-45A9-9CCE-D2D23A5D7C93}.Release|Any CPU.ActiveCfg = Release|Any CPU
		{FDABAEC8-AFA4-45A9-9CCE-D2D23A5D7C93}.Release|Any CPU.Build.0 = Release|Any CPU
	EndGlobalSection
	GlobalSection(SolutionProperties) = preSolution
		HideSolutionNode = FALSE
	EndGlobalSection
	GlobalSection(ExtensibilityGlobals) = postSolution
		SolutionGuid = {1A588C07-8866-4911-AB0D-20242A084FA4}
	EndGlobalSection
EndGlobal
